
Microsoft Visual Studio Solution File, Format Version 11.00
# Visual Studio 2010
Project("{2150E333-8FDC-42A3-9474-1A3956D46DE8}") = "Samples", "Samples", "{00B488F1-CD80-46F6-9994-55AA0C4B2DE4}"
EndProject
Project("{FAE04EC0-301F-11D3-BF4B-00C04F79EFBC}") = "System.Web.NHaml.Mvc3", "src\System.Web.NHaml.Mvc3\System.Web.NHaml.Mvc3.csproj", "{78CA518B-F6A6-4E12-A3E5-6CBBB1A7096D}"
EndProject
Project("{FAE04EC0-301F-11D3-BF4B-00C04F79EFBC}") = "NHaml.Samples.Mvc.CSharp", "src\Samples\NHaml.Samples.Mvc.CSharp\NHaml.Samples.Mvc.CSharp.csproj", "{9FDCA2CD-11B3-4314-9A89-8BDBC9C609B7}"
EndProject
Project("{2150E333-8FDC-42A3-9474-1A3956D46DE8}") = "Tests", "Tests", "{8D9585A7-E660-4DA3-ACEF-688763473022}"
EndProject
Project("{FAE04EC0-301F-11D3-BF4B-00C04F79EFBC}") = "HamlSpec", "tests\HamlSpec\HamlSpec.csproj", "{F9164010-CA96-4EE8-834A-FE441BA9E4A5}"
EndProject
Project("{FAE04EC0-301F-11D3-BF4B-00C04F79EFBC}") = "System.Web.NHaml.Tests", "tests\System.Web.NHaml.Tests\System.Web.NHaml.Tests.csproj", "{92236FD2-3C06-4487-A6ED-E3E89511665B}"
EndProject
Project("{FAE04EC0-301F-11D3-BF4B-00C04F79EFBC}") = "System.Web.NHaml", "src\System.Web.NHaml\System.Web.NHaml.csproj", "{9B885FC4-45C0-4526-9253-A799238EDD66}"
EndProject
Project("{FAE04EC0-301F-11D3-BF4B-00C04F79EFBC}") = "System.Web.NHaml.IntegrationTests", "tests\System.Web.NHaml.IntegrationTests\System.Web.NHaml.IntegrationTests.csproj", "{67DD89E7-D115-4714-A4F0-27A837D92A56}"
EndProject
Project("{FAE04EC0-301F-11D3-BF4B-00C04F79EFBC}") = "System.Web.NHaml.Mvc3.Tests", "tests\System.Web.NHaml.Mvc3.Tests\System.Web.NHaml.Mvc3.Tests.csproj", "{477CC932-ACC5-4F6A-93D1-F44BE2A11D2C}"
EndProject
Project("{2150E333-8FDC-42A3-9474-1A3956D46DE8}") = ".nuget", ".nuget", "{0AF7F38A-F1DC-48A1-8E76-D60CF410B8C0}"
	ProjectSection(SolutionItems) = preProject
		.nuget\NuGet.Config = .nuget\NuGet.Config
		.nuget\NuGet.exe = .nuget\NuGet.exe
		.nuget\NuGet.targets = .nuget\NuGet.targets
	EndProjectSection
EndProject
Global
	GlobalSection(SolutionConfigurationPlatforms) = preSolution
		Debug|Any CPU = Debug|Any CPU
		Profiled|Any CPU = Profiled|Any CPU
		Release|Any CPU = Release|Any CPU
	EndGlobalSection
	GlobalSection(ProjectConfigurationPlatforms) = postSolution
		{78CA518B-F6A6-4E12-A3E5-6CBBB1A7096D}.Debug|Any CPU.ActiveCfg = Debug|Any CPU
		{78CA518B-F6A6-4E12-A3E5-6CBBB1A7096D}.Debug|Any CPU.Build.0 = Debug|Any CPU
		{78CA518B-F6A6-4E12-A3E5-6CBBB1A7096D}.Profiled|Any CPU.ActiveCfg = Profiled|Any CPU
		{78CA518B-F6A6-4E12-A3E5-6CBBB1A7096D}.Release|Any CPU.ActiveCfg = Release|Any CPU
		{78CA518B-F6A6-4E12-A3E5-6CBBB1A7096D}.Release|Any CPU.Build.0 = Release|Any CPU
		{9FDCA2CD-11B3-4314-9A89-8BDBC9C609B7}.Debug|Any CPU.ActiveCfg = Debug|Any CPU
		{9FDCA2CD-11B3-4314-9A89-8BDBC9C609B7}.Debug|Any CPU.Build.0 = Debug|Any CPU
		{9FDCA2CD-11B3-4314-9A89-8BDBC9C609B7}.Profiled|Any CPU.ActiveCfg = Profiled|Any CPU
		{9FDCA2CD-11B3-4314-9A89-8BDBC9C609B7}.Release|Any CPU.ActiveCfg = Release|Any CPU
		{9FDCA2CD-11B3-4314-9A89-8BDBC9C609B7}.Release|Any CPU.Build.0 = Release|Any CPU
		{F9164010-CA96-4EE8-834A-FE441BA9E4A5}.Debug|Any CPU.ActiveCfg = Debug|Any CPU
		{F9164010-CA96-4EE8-834A-FE441BA9E4A5}.Debug|Any CPU.Build.0 = Debug|Any CPU
		{F9164010-CA96-4EE8-834A-FE441BA9E4A5}.Profiled|Any CPU.ActiveCfg = Profiled|Any CPU
		{F9164010-CA96-4EE8-834A-FE441BA9E4A5}.Profiled|Any CPU.Build.0 = Profiled|Any CPU
		{F9164010-CA96-4EE8-834A-FE441BA9E4A5}.Release|Any CPU.ActiveCfg = Release|Any CPU
		{F9164010-CA96-4EE8-834A-FE441BA9E4A5}.Release|Any CPU.Build.0 = Release|Any CPU
		{92236FD2-3C06-4487-A6ED-E3E89511665B}.Debug|Any CPU.ActiveCfg = Debug|Any CPU
		{92236FD2-3C06-4487-A6ED-E3E89511665B}.Debug|Any CPU.Build.0 = Debug|Any CPU
		{92236FD2-3C06-4487-A6ED-E3E89511665B}.Profiled|Any CPU.ActiveCfg = Profiled|Any CPU
		{92236FD2-3C06-4487-A6ED-E3E89511665B}.Release|Any CPU.ActiveCfg = Release|Any CPU
		{92236FD2-3C06-4487-A6ED-E3E89511665B}.Release|Any CPU.Build.0 = Release|Any CPU
		{9B885FC4-45C0-4526-9253-A799238EDD66}.Debug|Any CPU.ActiveCfg = Debug|Any CPU
		{9B885FC4-45C0-4526-9253-A799238EDD66}.Debug|Any CPU.Build.0 = Debug|Any CPU
		{9B885FC4-45C0-4526-9253-A799238EDD66}.Profiled|Any CPU.ActiveCfg = Profiled|Any CPU
		{9B885FC4-45C0-4526-9253-A799238EDD66}.Profiled|Any CPU.Build.0 = Profiled|Any CPU
		{9B885FC4-45C0-4526-9253-A799238EDD66}.Release|Any CPU.ActiveCfg = Release|Any CPU
		{9B885FC4-45C0-4526-9253-A799238EDD66}.Release|Any CPU.Build.0 = Release|Any CPU
		{67DD89E7-D115-4714-A4F0-27A837D92A56}.Debug|Any CPU.ActiveCfg = Debug|Any CPU
		{67DD89E7-D115-4714-A4F0-27A837D92A56}.Debug|Any CPU.Build.0 = Debug|Any CPU
		{67DD89E7-D115-4714-A4F0-27A837D92A56}.Profiled|Any CPU.ActiveCfg = Profiled|Any CPU
		{67DD89E7-D115-4714-A4F0-27A837D92A56}.Release|Any CPU.ActiveCfg = Release|Any CPU
		{67DD89E7-D115-4714-A4F0-27A837D92A56}.Release|Any CPU.Build.0 = Release|Any CPU
		{477CC932-ACC5-4F6A-93D1-F44BE2A11D2C}.Debug|Any CPU.ActiveCfg = Debug|Any CPU
		{477CC932-ACC5-4F6A-93D1-F44BE2A11D2C}.Debug|Any CPU.Build.0 = Debug|Any CPU
		{477CC932-ACC5-4F6A-93D1-F44BE2A11D2C}.Profiled|Any CPU.ActiveCfg = Release|Any CPU
		{477CC932-ACC5-4F6A-93D1-F44BE2A11D2C}.Profiled|Any CPU.Build.0 = Release|Any CPU
		{477CC932-ACC5-4F6A-93D1-F44BE2A11D2C}.Release|Any CPU.ActiveCfg = Release|Any CPU
		{477CC932-ACC5-4F6A-93D1-F44BE2A11D2C}.Release|Any CPU.Build.0 = Release|Any CPU
	EndGlobalSection
	GlobalSection(SolutionProperties) = preSolution
		HideSolutionNode = FALSE
	EndGlobalSection
	GlobalSection(NestedProjects) = preSolution
		{9FDCA2CD-11B3-4314-9A89-8BDBC9C609B7} = {00B488F1-CD80-46F6-9994-55AA0C4B2DE4}
		{F9164010-CA96-4EE8-834A-FE441BA9E4A5} = {8D9585A7-E660-4DA3-ACEF-688763473022}
		{92236FD2-3C06-4487-A6ED-E3E89511665B} = {8D9585A7-E660-4DA3-ACEF-688763473022}
		{67DD89E7-D115-4714-A4F0-27A837D92A56} = {8D9585A7-E660-4DA3-ACEF-688763473022}
		{477CC932-ACC5-4F6A-93D1-F44BE2A11D2C} = {8D9585A7-E660-4DA3-ACEF-688763473022}
	EndGlobalSection
EndGlobal
