
Microsoft Visual Studio Solution File, Format Version 10.00
# Visual Studio 2008
Project("{FAE04EC0-301F-11D3-BF4B-00C04F79EFBC}") = "NHaml.Core", "src\NHaml.Core\NHaml.Core.csproj", "{3344FF2F-B326-41C5-B8EA-D18B040B2886}"
EndProject
Project("{FAE04EC0-301F-11D3-BF4B-00C04F79EFBC}") = "NHaml.Core.Tests", "src\NHaml.Core.Tests\NHaml.Core.Tests.csproj", "{7B0B16D7-B727-4E5C-BCB5-522451FDFFB4}"
EndProject
Project("{FAE04EC0-301F-11D3-BF4B-00C04F79EFBC}") = "NHaml.Console", "src\NHaml.Console\NHaml.Console.csproj", "{CF0A9532-EDBB-46AF-AE34-784D7CD46486}"
EndProject
Project("{FAE04EC0-301F-11D3-BF4B-00C04F79EFBC}") = "NHaml.Web.Mvc", "src\NHaml.Web.Mvc\NHaml.Web.Mvc.csproj", "{78CA518B-F6A6-4E12-A3E5-6CBBB1A7096D}"
EndProject
Global
	GlobalSection(SolutionConfigurationPlatforms) = preSolution
		Debug|Any CPU = Debug|Any CPU
		Release|Any CPU = Release|Any CPU
	EndGlobalSection
	GlobalSection(ProjectConfigurationPlatforms) = postSolution
		{3344FF2F-B326-41C5-B8EA-D18B040B2886}.Debug|Any CPU.ActiveCfg = Debug|Any CPU
		{3344FF2F-B326-41C5-B8EA-D18B040B2886}.Debug|Any CPU.Build.0 = Debug|Any CPU
		{3344FF2F-B326-41C5-B8EA-D18B040B2886}.Release|Any CPU.ActiveCfg = Release|Any CPU
		{3344FF2F-B326-41C5-B8EA-D18B040B2886}.Release|Any CPU.Build.0 = Release|Any CPU
		{7B0B16D7-B727-4E5C-BCB5-522451FDFFB4}.Debug|Any CPU.ActiveCfg = Debug|Any CPU
		{7B0B16D7-B727-4E5C-BCB5-522451FDFFB4}.Debug|Any CPU.Build.0 = Debug|Any CPU
		{7B0B16D7-B727-4E5C-BCB5-522451FDFFB4}.Release|Any CPU.ActiveCfg = Release|Any CPU
		{7B0B16D7-B727-4E5C-BCB5-522451FDFFB4}.Release|Any CPU.Build.0 = Release|Any CPU
		{CF0A9532-EDBB-46AF-AE34-784D7CD46486}.Debug|Any CPU.ActiveCfg = Debug|Any CPU
		{CF0A9532-EDBB-46AF-AE34-784D7CD46486}.Debug|Any CPU.Build.0 = Debug|Any CPU
		{CF0A9532-EDBB-46AF-AE34-784D7CD46486}.Release|Any CPU.ActiveCfg = Release|Any CPU
		{CF0A9532-EDBB-46AF-AE34-784D7CD46486}.Release|Any CPU.Build.0 = Release|Any CPU
		{78CA518B-F6A6-4E12-A3E5-6CBBB1A7096D}.Debug|Any CPU.ActiveCfg = Debug|Any CPU
		{78CA518B-F6A6-4E12-A3E5-6CBBB1A7096D}.Debug|Any CPU.Build.0 = Debug|Any CPU
		{78CA518B-F6A6-4E12-A3E5-6CBBB1A7096D}.Release|Any CPU.ActiveCfg = Release|Any CPU
		{78CA518B-F6A6-4E12-A3E5-6CBBB1A7096D}.Release|Any CPU.Build.0 = Release|Any CPU
	EndGlobalSection
	GlobalSection(SolutionProperties) = preSolution
		HideSolutionNode = FALSE
	EndGlobalSection
EndGlobal
