
Microsoft Visual Studio Solution File, Format Version 11.00
# Visual Studio 2010
Project("{2150E333-8FDC-42A3-9474-1A3956D46DE8}") = "Items", "Items", "{1472B7FB-34CF-4A08-B70B-6582290AA010}"
	ProjectSection(SolutionItems) = preProject
		CodingStandards.txt = CodingStandards.txt
		License.txt = License.txt
		NHaml.snk = NHaml.snk
		SharedAssemblyInfo.cs = SharedAssemblyInfo.cs
	EndProjectSection
EndProject
Project("{2150E333-8FDC-42A3-9474-1A3956D46DE8}") = "Samples", "Samples", "{3A6FD686-BE88-44A8-8511-AB2E3EB54C07}"
EndProject
Project("{FAE04EC0-301F-11D3-BF4B-00C04F79EFBC}") = "NHaml", "NHaml\NHaml.csproj", "{9B885FC4-45C0-4526-9253-A799238EDD66}"
EndProject
Project("{FAE04EC0-301F-11D3-BF4B-00C04F79EFBC}") = "Tests", "Tests\Tests.csproj", "{94F9E5B5-2BE3-4C25-BCCF-86874D10854A}"
EndProject
Project("{FAE04EC0-301F-11D3-BF4B-00C04F79EFBC}") = "NHaml.Compilers.Boo", "NHaml.Compilers.Boo\NHaml.Compilers.Boo.csproj", "{E9AFFBF2-A4E1-459A-9BB7-80A59D4AA8FD}"
EndProject
Project("{FAE04EC0-301F-11D3-BF4B-00C04F79EFBC}") = "NHaml.Compilers.IronRuby", "NHaml.Compilers.IronRuby\NHaml.Compilers.IronRuby.csproj", "{ACB2E0A4-C775-4294-9626-8F042C009CE1}"
EndProject
Project("{FAE04EC0-301F-11D3-BF4B-00C04F79EFBC}") = "NHaml.Web.Mvc", "NHaml.Web.Mvc\NHaml.Web.Mvc.csproj", "{78CA518B-F6A6-4E12-A3E5-6CBBB1A7096D}"
EndProject
Project("{FAE04EC0-301F-11D3-BF4B-00C04F79EFBC}") = "NHaml.Samples.Mvc.CSharp", "Samples\NHaml.Samples.Mvc.CSharp\NHaml.Samples.Mvc.CSharp.csproj", "{9FDCA2CD-11B3-4314-9A89-8BDBC9C609B7}"
EndProject
Project("{FAE04EC0-301F-11D3-BF4B-00C04F79EFBC}") = "NHaml.Samples.Mvc.IronRuby", "Samples\NHaml.Samples.Mvc.IronRuby\NHaml.Samples.Mvc.IronRuby.csproj", "{87E05CD0-D7D0-4073-BE09-D8AB9934FFB4}"
EndProject
Project("{FAE04EC0-301F-11D3-BF4B-00C04F79EFBC}") = "NHaml.Web.Mvc.IronRuby", "NHaml.Web.Mvc.IronRuby\NHaml.Web.Mvc.IronRuby.csproj", "{44CA66BE-FBB0-43FF-828E-5F2A5FAF52DB}"
EndProject
Project("{FAE04EC0-301F-11D3-BF4B-00C04F79EFBC}") = "NHaml.Samples.Mvc.Boo", "Samples\NHaml.Samples.Mvc.Boo\NHaml.Samples.Mvc.Boo.csproj", "{9699C346-0124-4DC8-A97D-60BE669ABD34}"
EndProject
Project("{FAE04EC0-301F-11D3-BF4B-00C04F79EFBC}") = "NHaml.Web.Mvc.Boo", "NHaml.Web.Mvc.Boo\NHaml.Web.Mvc.Boo.csproj", "{B781AF72-23C6-435A-A7B9-2496427D0F96}"
EndProject
Project("{FAE04EC0-301F-11D3-BF4B-00C04F79EFBC}") = "NHaml.Xps", "NHaml.Xps\NHaml.Xps.csproj", "{1530C1A1-D723-457F-BDFA-F13CBE486A40}"
EndProject
Project("{FAE04EC0-301F-11D3-BF4B-00C04F79EFBC}") = "NHaml.Xps.Tests", "NHaml.Xps.Tests\NHaml.Xps.Tests.csproj", "{CE55B1F2-5B6D-4A63-B5BC-2B4C2737DD9C}"
EndProject
Project("{FAE04EC0-301F-11D3-BF4B-00C04F79EFBC}") = "NHaml.Generator.Wpf", "NHaml.Generator.Wpf\NHaml.Generator.Wpf.csproj", "{4921904C-453F-49C6-B2C4-58688C3E720B}"
EndProject
Project("{FAE04EC0-301F-11D3-BF4B-00C04F79EFBC}") = "NHaml.Compilers.VisualBasic", "NHaml.Compilers.VisualBasic\NHaml.Compilers.VisualBasic.csproj", "{4184100B-81EB-4FCA-9A15-250B6BEFBC4A}"
EndProject
Project("{FAE04EC0-301F-11D3-BF4B-00C04F79EFBC}") = "NHaml.Web.Mvc.VisualBasic", "NHaml.Web.Mvc.VisualBasic\NHaml.Web.Mvc.VisualBasic.csproj", "{366BFBCD-2ECE-4E9E-AED8-0D99818BD060}"
EndProject
Project("{FAE04EC0-301F-11D3-BF4B-00C04F79EFBC}") = "NHaml.Compilers.FSharp", "NHaml.Compilers.FSharp\NHaml.Compilers.FSharp.csproj", "{FEDE4641-1834-42E0-BD10-84D1136882E2}"
EndProject
Project("{F184B08F-C81C-45F6-A57F-5ABD9991F28F}") = "NHaml.Samples.Mvc.VisualBasic", "Samples\NHaml.Samples.Mvc.VisualBasic\NHaml.Samples.Mvc.VisualBasic.vbproj", "{28FCD51D-3CDD-4124-BC5E-B4C854CE163F}"
EndProject
Global
	GlobalSection(SolutionConfigurationPlatforms) = preSolution
		Debug|Any CPU = Debug|Any CPU
		Release|Any CPU = Release|Any CPU
	EndGlobalSection
	GlobalSection(ProjectConfigurationPlatforms) = postSolution
		{9B885FC4-45C0-4526-9253-A799238EDD66}.Debug|Any CPU.ActiveCfg = Debug|Any CPU
		{9B885FC4-45C0-4526-9253-A799238EDD66}.Debug|Any CPU.Build.0 = Debug|Any CPU
		{9B885FC4-45C0-4526-9253-A799238EDD66}.Release|Any CPU.ActiveCfg = Release|Any CPU
		{9B885FC4-45C0-4526-9253-A799238EDD66}.Release|Any CPU.Build.0 = Release|Any CPU
		{94F9E5B5-2BE3-4C25-BCCF-86874D10854A}.Debug|Any CPU.ActiveCfg = Debug|Any CPU
		{94F9E5B5-2BE3-4C25-BCCF-86874D10854A}.Debug|Any CPU.Build.0 = Debug|Any CPU
		{94F9E5B5-2BE3-4C25-BCCF-86874D10854A}.Release|Any CPU.ActiveCfg = Release|Any CPU
		{94F9E5B5-2BE3-4C25-BCCF-86874D10854A}.Release|Any CPU.Build.0 = Release|Any CPU
		{E9AFFBF2-A4E1-459A-9BB7-80A59D4AA8FD}.Debug|Any CPU.ActiveCfg = Debug|Any CPU
		{E9AFFBF2-A4E1-459A-9BB7-80A59D4AA8FD}.Debug|Any CPU.Build.0 = Debug|Any CPU
		{E9AFFBF2-A4E1-459A-9BB7-80A59D4AA8FD}.Release|Any CPU.ActiveCfg = Release|Any CPU
		{E9AFFBF2-A4E1-459A-9BB7-80A59D4AA8FD}.Release|Any CPU.Build.0 = Release|Any CPU
		{ACB2E0A4-C775-4294-9626-8F042C009CE1}.Debug|Any CPU.ActiveCfg = Debug|Any CPU
		{ACB2E0A4-C775-4294-9626-8F042C009CE1}.Debug|Any CPU.Build.0 = Debug|Any CPU
		{ACB2E0A4-C775-4294-9626-8F042C009CE1}.Release|Any CPU.ActiveCfg = Release|Any CPU
		{ACB2E0A4-C775-4294-9626-8F042C009CE1}.Release|Any CPU.Build.0 = Release|Any CPU
		{78CA518B-F6A6-4E12-A3E5-6CBBB1A7096D}.Debug|Any CPU.ActiveCfg = Debug|Any CPU
		{78CA518B-F6A6-4E12-A3E5-6CBBB1A7096D}.Debug|Any CPU.Build.0 = Debug|Any CPU
		{78CA518B-F6A6-4E12-A3E5-6CBBB1A7096D}.Release|Any CPU.ActiveCfg = Release|Any CPU
		{78CA518B-F6A6-4E12-A3E5-6CBBB1A7096D}.Release|Any CPU.Build.0 = Release|Any CPU
		{9FDCA2CD-11B3-4314-9A89-8BDBC9C609B7}.Debug|Any CPU.ActiveCfg = Debug|Any CPU
		{9FDCA2CD-11B3-4314-9A89-8BDBC9C609B7}.Debug|Any CPU.Build.0 = Debug|Any CPU
		{9FDCA2CD-11B3-4314-9A89-8BDBC9C609B7}.Release|Any CPU.ActiveCfg = Release|Any CPU
		{9FDCA2CD-11B3-4314-9A89-8BDBC9C609B7}.Release|Any CPU.Build.0 = Release|Any CPU
		{87E05CD0-D7D0-4073-BE09-D8AB9934FFB4}.Debug|Any CPU.ActiveCfg = Debug|Any CPU
		{87E05CD0-D7D0-4073-BE09-D8AB9934FFB4}.Debug|Any CPU.Build.0 = Debug|Any CPU
		{87E05CD0-D7D0-4073-BE09-D8AB9934FFB4}.Release|Any CPU.ActiveCfg = Release|Any CPU
		{87E05CD0-D7D0-4073-BE09-D8AB9934FFB4}.Release|Any CPU.Build.0 = Release|Any CPU
		{44CA66BE-FBB0-43FF-828E-5F2A5FAF52DB}.Debug|Any CPU.ActiveCfg = Debug|Any CPU
		{44CA66BE-FBB0-43FF-828E-5F2A5FAF52DB}.Debug|Any CPU.Build.0 = Debug|Any CPU
		{44CA66BE-FBB0-43FF-828E-5F2A5FAF52DB}.Release|Any CPU.ActiveCfg = Release|Any CPU
		{44CA66BE-FBB0-43FF-828E-5F2A5FAF52DB}.Release|Any CPU.Build.0 = Release|Any CPU
		{9699C346-0124-4DC8-A97D-60BE669ABD34}.Debug|Any CPU.ActiveCfg = Debug|Any CPU
		{9699C346-0124-4DC8-A97D-60BE669ABD34}.Debug|Any CPU.Build.0 = Debug|Any CPU
		{9699C346-0124-4DC8-A97D-60BE669ABD34}.Release|Any CPU.ActiveCfg = Release|Any CPU
		{9699C346-0124-4DC8-A97D-60BE669ABD34}.Release|Any CPU.Build.0 = Release|Any CPU
		{B781AF72-23C6-435A-A7B9-2496427D0F96}.Debug|Any CPU.ActiveCfg = Debug|Any CPU
		{B781AF72-23C6-435A-A7B9-2496427D0F96}.Debug|Any CPU.Build.0 = Debug|Any CPU
		{B781AF72-23C6-435A-A7B9-2496427D0F96}.Release|Any CPU.ActiveCfg = Release|Any CPU
		{B781AF72-23C6-435A-A7B9-2496427D0F96}.Release|Any CPU.Build.0 = Release|Any CPU
		{1530C1A1-D723-457F-BDFA-F13CBE486A40}.Debug|Any CPU.ActiveCfg = Debug|Any CPU
		{1530C1A1-D723-457F-BDFA-F13CBE486A40}.Debug|Any CPU.Build.0 = Debug|Any CPU
		{1530C1A1-D723-457F-BDFA-F13CBE486A40}.Release|Any CPU.ActiveCfg = Release|Any CPU
		{1530C1A1-D723-457F-BDFA-F13CBE486A40}.Release|Any CPU.Build.0 = Release|Any CPU
		{CE55B1F2-5B6D-4A63-B5BC-2B4C2737DD9C}.Debug|Any CPU.ActiveCfg = Debug|Any CPU
		{CE55B1F2-5B6D-4A63-B5BC-2B4C2737DD9C}.Debug|Any CPU.Build.0 = Debug|Any CPU
		{CE55B1F2-5B6D-4A63-B5BC-2B4C2737DD9C}.Release|Any CPU.ActiveCfg = Release|Any CPU
		{CE55B1F2-5B6D-4A63-B5BC-2B4C2737DD9C}.Release|Any CPU.Build.0 = Release|Any CPU
		{4921904C-453F-49C6-B2C4-58688C3E720B}.Debug|Any CPU.ActiveCfg = Debug|Any CPU
		{4921904C-453F-49C6-B2C4-58688C3E720B}.Debug|Any CPU.Build.0 = Debug|Any CPU
		{4921904C-453F-49C6-B2C4-58688C3E720B}.Release|Any CPU.ActiveCfg = Release|Any CPU
		{4921904C-453F-49C6-B2C4-58688C3E720B}.Release|Any CPU.Build.0 = Release|Any CPU
		{4184100B-81EB-4FCA-9A15-250B6BEFBC4A}.Debug|Any CPU.ActiveCfg = Debug|Any CPU
		{4184100B-81EB-4FCA-9A15-250B6BEFBC4A}.Debug|Any CPU.Build.0 = Debug|Any CPU
		{4184100B-81EB-4FCA-9A15-250B6BEFBC4A}.Release|Any CPU.ActiveCfg = Release|Any CPU
		{4184100B-81EB-4FCA-9A15-250B6BEFBC4A}.Release|Any CPU.Build.0 = Release|Any CPU
		{366BFBCD-2ECE-4E9E-AED8-0D99818BD060}.Debug|Any CPU.ActiveCfg = Debug|Any CPU
		{366BFBCD-2ECE-4E9E-AED8-0D99818BD060}.Debug|Any CPU.Build.0 = Debug|Any CPU
		{366BFBCD-2ECE-4E9E-AED8-0D99818BD060}.Release|Any CPU.ActiveCfg = Release|Any CPU
		{366BFBCD-2ECE-4E9E-AED8-0D99818BD060}.Release|Any CPU.Build.0 = Release|Any CPU
		{FEDE4641-1834-42E0-BD10-84D1136882E2}.Debug|Any CPU.ActiveCfg = Debug|Any CPU
		{FEDE4641-1834-42E0-BD10-84D1136882E2}.Debug|Any CPU.Build.0 = Debug|Any CPU
		{FEDE4641-1834-42E0-BD10-84D1136882E2}.Release|Any CPU.ActiveCfg = Release|Any CPU
		{FEDE4641-1834-42E0-BD10-84D1136882E2}.Release|Any CPU.Build.0 = Release|Any CPU
		{28FCD51D-3CDD-4124-BC5E-B4C854CE163F}.Debug|Any CPU.ActiveCfg = Debug|Any CPU
		{28FCD51D-3CDD-4124-BC5E-B4C854CE163F}.Debug|Any CPU.Build.0 = Debug|Any CPU
		{28FCD51D-3CDD-4124-BC5E-B4C854CE163F}.Release|Any CPU.ActiveCfg = Release|Any CPU
		{28FCD51D-3CDD-4124-BC5E-B4C854CE163F}.Release|Any CPU.Build.0 = Release|Any CPU
	EndGlobalSection
	GlobalSection(SolutionProperties) = preSolution
		HideSolutionNode = FALSE
	EndGlobalSection
	GlobalSection(NestedProjects) = preSolution
		{9FDCA2CD-11B3-4314-9A89-8BDBC9C609B7} = {3A6FD686-BE88-44A8-8511-AB2E3EB54C07}
		{87E05CD0-D7D0-4073-BE09-D8AB9934FFB4} = {3A6FD686-BE88-44A8-8511-AB2E3EB54C07}
		{9699C346-0124-4DC8-A97D-60BE669ABD34} = {3A6FD686-BE88-44A8-8511-AB2E3EB54C07}
		{28FCD51D-3CDD-4124-BC5E-B4C854CE163F} = {3A6FD686-BE88-44A8-8511-AB2E3EB54C07}
	EndGlobalSection
EndGlobal
