
Microsoft Visual Studio Solution File, Format Version 10.00
# Visual Studio 2008
Project("{FAE04EC0-301F-11D3-BF4B-00C04F79EFBC}") = "NHaml", "NHaml\NHaml.csproj", "{9B885FC4-45C0-4526-9253-A799238EDD66}"
EndProject
Project("{FAE04EC0-301F-11D3-BF4B-00C04F79EFBC}") = "Tests", "Tests\Tests.csproj", "{94F9E5B5-2BE3-4C25-BCCF-86874D10854A}"
EndProject
Project("{2150E333-8FDC-42A3-9474-1A3956D46DE8}") = "Items", "Items", "{1472B7FB-34CF-4A08-B70B-6582290AA010}"
	ProjectSection(SolutionItems) = preProject
		License.txt = License.txt
		NHaml.snk = NHaml.snk
		SharedAssemblyInfo.cs = SharedAssemblyInfo.cs
	EndProjectSection
EndProject
Global
	GlobalSection(SolutionConfigurationPlatforms) = preSolution
		Debug|Any CPU = Debug|Any CPU
		Release|Any CPU = Release|Any CPU
	EndGlobalSection
	GlobalSection(ProjectConfigurationPlatforms) = postSolution
		{9B885FC4-45C0-4526-9253-A799238EDD66}.Debug|Any CPU.ActiveCfg = Debug|Any CPU
		{9B885FC4-45C0-4526-9253-A799238EDD66}.Debug|Any CPU.Build.0 = Debug|Any CPU
		{9B885FC4-45C0-4526-9253-A799238EDD66}.Release|Any CPU.ActiveCfg = Release|Any CPU
		{9B885FC4-45C0-4526-9253-A799238EDD66}.Release|Any CPU.Build.0 = Release|Any CPU
		{94F9E5B5-2BE3-4C25-BCCF-86874D10854A}.Debug|Any CPU.ActiveCfg = Debug|Any CPU
		{94F9E5B5-2BE3-4C25-BCCF-86874D10854A}.Debug|Any CPU.Build.0 = Debug|Any CPU
		{94F9E5B5-2BE3-4C25-BCCF-86874D10854A}.Release|Any CPU.ActiveCfg = Release|Any CPU
		{94F9E5B5-2BE3-4C25-BCCF-86874D10854A}.Release|Any CPU.Build.0 = Release|Any CPU
	EndGlobalSection
	GlobalSection(SolutionProperties) = preSolution
		HideSolutionNode = FALSE
	EndGlobalSection
EndGlobal
